schema: '2.0'
stages:
  train:
    cmd: python3 train.py
    deps:
    - path: dataset/
      md5: 81d8575f70d3d17c15ea6b6ed93a0266.dir
      size: 152119
      nfiles: 3
    - path: train.py
      md5: f249505be595faa1799f4c10a8282236
      size: 4683
    params:
      params.yaml:
        model.optimizer: adam
        model.units1: 30
        train.batch_size: 128
        train.epochs: 10
    outs:
    - path: metrics/metrics.json
      md5: 1f82fa45f7072088ab11177677334804
      size: 1697
    - path: metrics/results.json
      md5: 07b8b32a76585cead01789b0b3043949
      size: 50
    - path: weights/best_loss.h5
      md5: ab3c5031a9871c7bf2060c912e87b4d0
      size: 24368
      isexec: true
    - path: weights/best_val_loss.h5
      md5: 7a85026f677c70eca2b97f9ce5b08ccc
      size: 24368
      isexec: true
