schema: '2.0'
stages:
  train:
    cmd: python3 train.py
    deps:
    - path: dataset/
      md5: 81d8575f70d3d17c15ea6b6ed93a0266.dir
      size: 152119
      nfiles: 3
    - path: train.py
      md5: 13c88d9407efbcaaf109f601f9ed365e
      size: 4660
    params:
      params.yaml:
        train.batch_size: 128
        train.epochs: 10
    outs:
    - path: metrics/metrics.json
      md5: b540f521de4895d7eee1e4b4b557eb92
      size: 1646
    - path: metrics/results.json
      md5: fa954ac4d5a34c87d5a35da6ffa4e9d6
      size: 59
    - path: weights/best_loss.h5
      md5: db86104c1c0dbb563b397015b1d2d1f8
      size: 31216
      isexec: true
    - path: weights/best_val_loss.h5
      md5: db86104c1c0dbb563b397015b1d2d1f8
      size: 31216
      isexec: true
